
Microsoft Visual Studio Solution File, Format Version 12.00
# Visual Studio Version 16
VisualStudioVersion = 16.0.31112.23
MinimumVisualStudioVersion = 10.0.40219.1
Project("{888888A0-9F3D-457C-B088-3A5042F75D52}") = "CakesPls", "CakesPls.pyproj", "{C3FE01C6-1D05-4066-9CB9-CEB107671E71}"
EndProject
Global
	GlobalSection(SolutionConfigurationPlatforms) = preSolution
		Debug|Any CPU = Debug|Any CPU
		Release|Any CPU = Release|Any CPU
	EndGlobalSection
	GlobalSection(ProjectConfigurationPlatforms) = postSolution
		{C3FE01C6-1D05-4066-9CB9-CEB107671E71}.Debug|Any CPU.ActiveCfg = Debug|Any CPU
		{C3FE01C6-1D05-4066-9CB9-CEB107671E71}.Debug|Any CPU.Build.0 = Debug|Any CPU
		{C3FE01C6-1D05-4066-9CB9-CEB107671E71}.Release|Any CPU.ActiveCfg = Release|Any CPU
		{C3FE01C6-1D05-4066-9CB9-CEB107671E71}.Release|Any CPU.Build.0 = Release|Any CPU
	EndGlobalSection
	GlobalSection(SolutionProperties) = preSolution
		HideSolutionNode = FALSE
	EndGlobalSection
	GlobalSection(ExtensibilityGlobals) = postSolution
		SolutionGuid = {64D0F01B-2785-461F-9FB9-594BBB1A2C6A}
	EndGlobalSection
EndGlobal
